
Microsoft Visual Studio Solution File, Format Version 12.00
# Visual Studio 15
VisualStudioVersion = 15.0.28307.779
MinimumVisualStudioVersion = 10.0.40219.1
Project("{FAE04EC0-301F-11D3-BF4B-00C04F79EFBC}") = "Hambureger", "Hambureger\Hambureger.csproj", "{8D07DA7A-66F0-4914-88AF-D242C9F431F0}"
EndProject
Global
	GlobalSection(SolutionConfigurationPlatforms) = preSolution
		Debug|Any CPU = Debug|Any CPU
		Release|Any CPU = Release|Any CPU
	EndGlobalSection
	GlobalSection(ProjectConfigurationPlatforms) = postSolution
		{8D07DA7A-66F0-4914-88AF-D242C9F431F0}.Debug|Any CPU.ActiveCfg = Debug|Any CPU
		{8D07DA7A-66F0-4914-88AF-D242C9F431F0}.Debug|Any CPU.Build.0 = Debug|Any CPU
		{8D07DA7A-66F0-4914-88AF-D242C9F431F0}.Release|Any CPU.ActiveCfg = Release|Any CPU
		{8D07DA7A-66F0-4914-88AF-D242C9F431F0}.Release|Any CPU.Build.0 = Release|Any CPU
	EndGlobalSection
	GlobalSection(SolutionProperties) = preSolution
		HideSolutionNode = FALSE
	EndGlobalSection
	GlobalSection(ExtensibilityGlobals) = postSolution
		SolutionGuid = {947A90E4-1548-4E98-9545-6F9AFE98825B}
	EndGlobalSection
EndGlobal
